<?xml version="1.0" encoding="utf-8"?>
<Project ToolsVersion="4.0" xmlns="http://schemas.microsoft.com/developer/msbuild/2003">
  <ItemGroup>
    <Filter Include="Bento">
      <UniqueIdentifier>{FD96E20C-69AB-0ABE-322D-AE1D9E0007EF}</UniqueIdentifier>
    </Filter>
    <Filter Include="Bento\Events">
      <UniqueIdentifier>{41E4E255-2D47-72FA-D6CC-AAB0C20E3E7D}</UniqueIdentifier>
    </Filter>
    <Filter Include="Bento\Platform">
      <UniqueIdentifier>{F1FF4A76-DDCD-3E7C-C661-AFA2B2CE1AE1}</UniqueIdentifier>
    </Filter>
    <Filter Include="Bento\Platform\OpenGL">
      <UniqueIdentifier>{05306C1E-719C-2719-3A90-BF76A6BB4981}</UniqueIdentifier>
    </Filter>
    <Filter Include="Bento\Platform\Windows">
      <UniqueIdentifier>{2B0B0E44-1705-3796-0072-CDA6EC0A9D02}</UniqueIdentifier>
    </Filter>
    <Filter Include="Bento\ImGui">
      <UniqueIdentifier>{5479b13b-d49e-4350-93a1-39e2955b2090}</UniqueIdentifier>
    </Filter>
  </ItemGroup>
  <ItemGroup>
    <ClInclude Include="src\Bento.h" />
    <ClInclude Include="src\Bento\Application.h">
      <Filter>Bento</Filter>
    </ClInclude>
    <ClInclude Include="src\Bento\Core.h">
      <Filter>Bento</Filter>
    </ClInclude>
    <ClInclude Include="src\Bento\EntryPoint.h">
      <Filter>Bento</Filter>
    </ClInclude>
    <ClInclude Include="src\Bento\Events\ApplicationEvent.h">
      <Filter>Bento\Events</Filter>
    </ClInclude>
    <ClInclude Include="src\Bento\Events\Event.h">
      <Filter>Bento\Events</Filter>
    </ClInclude>
    <ClInclude Include="src\Bento\Events\KeyEvent.h">
      <Filter>Bento\Events</Filter>
    </ClInclude>
    <ClInclude Include="src\Bento\Events\MouseEvent.h">
      <Filter>Bento\Events</Filter>
    </ClInclude>
    <ClInclude Include="src\Bento\Layer.h">
      <Filter>Bento</Filter>
    </ClInclude>
    <ClInclude Include="src\Bento\LayerStack.h">
      <Filter>Bento</Filter>
    </ClInclude>
    <ClInclude Include="src\Bento\Log.h">
      <Filter>Bento</Filter>
    </ClInclude>
    <ClInclude Include="src\Bento\Platform\OpenGL\ImGuiOpenGLRenderer.h">
      <Filter>Bento\Platform\OpenGL</Filter>
    </ClInclude>
    <ClInclude Include="src\Bento\Platform\Windows\WindowsWindow.h">
      <Filter>Bento\Platform\Windows</Filter>
    </ClInclude>
    <ClInclude Include="src\Bento\Window.h">
      <Filter>Bento</Filter>
    </ClInclude>
    <ClInclude Include="src\Bentopch.h" />
    <ClInclude Include="src\Bento\ImGuiLayer.h">
      <Filter>Bento\ImGui</Filter>
    </ClInclude>
  </ItemGroup>
  <ItemGroup>
    <ClCompile Include="src\Bento\Application.cpp">
      <Filter>Bento</Filter>
    </ClCompile>
    <ClCompile Include="src\Bento\Layer.cpp">
      <Filter>Bento</Filter>
    </ClCompile>
    <ClCompile Include="src\Bento\LayerStack.cpp">
      <Filter>Bento</Filter>
    </ClCompile>
    <ClCompile Include="src\Bento\Log.cpp">
      <Filter>Bento</Filter>
    </ClCompile>
    <ClCompile Include="src\Bento\Platform\OpenGL\ImGuiOpenGLRenderer.cpp">
      <Filter>Bento\Platform\OpenGL</Filter>
    </ClCompile>
    <ClCompile Include="src\Bento\Platform\Windows\WindowsWindow.cpp">
      <Filter>Bento\Platform\Windows</Filter>
    </ClCompile>
    <ClCompile Include="src\Bentopch.cpp" />
    <ClCompile Include="src\Bento\ImGuiLayer.cpp">
      <Filter>Bento\ImGui</Filter>
    </ClCompile>
  </ItemGroup>
</Project>